
Microsoft Visual Studio Solution File, Format Version 12.00
# Visual Studio Version 16
VisualStudioVersion = 16.0.32126.315
MinimumVisualStudioVersion = 10.0.40219.1
Project("{FAE04EC0-301F-11D3-BF4B-00C04F79EFBC}") = "InsuranceCompanies", "InsuranceCompanies\InsuranceCompanies.csproj", "{3409DB64-B243-4817-A93B-3900A0FA8576}"
EndProject
Project("{FAE04EC0-301F-11D3-BF4B-00C04F79EFBC}") = "DAL", "DAL\DAL.csproj", "{94B62247-A0C8-4104-ACCB-8E042F317917}"
EndProject
Project("{FAE04EC0-301F-11D3-BF4B-00C04F79EFBC}") = "DTO", "DTO\DTO.csproj", "{AAAB78CF-44EF-4005-9FD6-8DCC44BBD951}"
EndProject
Global
	GlobalSection(SolutionConfigurationPlatforms) = preSolution
		Debug|Any CPU = Debug|Any CPU
		Release|Any CPU = Release|Any CPU
	EndGlobalSection
	GlobalSection(ProjectConfigurationPlatforms) = postSolution
		{3409DB64-B243-4817-A93B-3900A0FA8576}.Debug|Any CPU.ActiveCfg = Debug|Any CPU
		{3409DB64-B243-4817-A93B-3900A0FA8576}.Debug|Any CPU.Build.0 = Debug|Any CPU
		{3409DB64-B243-4817-A93B-3900A0FA8576}.Release|Any CPU.ActiveCfg = Release|Any CPU
		{3409DB64-B243-4817-A93B-3900A0FA8576}.Release|Any CPU.Build.0 = Release|Any CPU
		{94B62247-A0C8-4104-ACCB-8E042F317917}.Debug|Any CPU.ActiveCfg = Debug|Any CPU
		{94B62247-A0C8-4104-ACCB-8E042F317917}.Debug|Any CPU.Build.0 = Debug|Any CPU
		{94B62247-A0C8-4104-ACCB-8E042F317917}.Release|Any CPU.ActiveCfg = Release|Any CPU
		{94B62247-A0C8-4104-ACCB-8E042F317917}.Release|Any CPU.Build.0 = Release|Any CPU
		{AAAB78CF-44EF-4005-9FD6-8DCC44BBD951}.Debug|Any CPU.ActiveCfg = Debug|Any CPU
		{AAAB78CF-44EF-4005-9FD6-8DCC44BBD951}.Debug|Any CPU.Build.0 = Debug|Any CPU
		{AAAB78CF-44EF-4005-9FD6-8DCC44BBD951}.Release|Any CPU.ActiveCfg = Release|Any CPU
		{AAAB78CF-44EF-4005-9FD6-8DCC44BBD951}.Release|Any CPU.Build.0 = Release|Any CPU
	EndGlobalSection
	GlobalSection(SolutionProperties) = preSolution
		HideSolutionNode = FALSE
	EndGlobalSection
	GlobalSection(ExtensibilityGlobals) = postSolution
		SolutionGuid = {F148A33F-0AD7-4D24-ACA4-A0C6A94DA2D5}
	EndGlobalSection
EndGlobal
